
Microsoft Visual Studio Solution File, Format Version 12.00
Project("{2150E333-8FDC-42A3-9474-1A3956D46DE8}") = "src", "src", "{4951CD0E-BFD0-4EFD-B7EF-3CC7D55A1897}"
EndProject
Project("{2150E333-8FDC-42A3-9474-1A3956D46DE8}") = "test", "test", "{294024F0-F8D9-46B5-8D01-170A6D4FF69C}"
EndProject
Project("{FAE04EC0-301F-11D3-BF4B-00C04F79EFBC}") = "Athena.Core", "src\Athena.Core\Athena.Core.csproj", "{5CF67793-7D0E-4A9A-ABF0-D12820AE4AA4}"
EndProject
Project("{FAE04EC0-301F-11D3-BF4B-00C04F79EFBC}") = "Athena.Shared", "src\Athena.Shared\Athena.Shared.csproj", "{BEDF187B-B9DF-453B-AA18-CF8185F8E115}"
EndProject
Project("{FAE04EC0-301F-11D3-BF4B-00C04F79EFBC}") = "Athena.Application", "src\Athena.Application\Athena.Application.csproj", "{7C31A045-1CC2-4321-B5BE-6E80A56A65F5}"
EndProject
Project("{FAE04EC0-301F-11D3-BF4B-00C04F79EFBC}") = "Athena.Web.BlogCMS", "src\Athena.Web.BlogCMS\Athena.Web.BlogCMS.csproj", "{53E6FFAD-66E8-4CC0-A8AF-F3B5681059BD}"
EndProject
Project("{FAE04EC0-301F-11D3-BF4B-00C04F79EFBC}") = "Athena.DataAccess", "src\Athena.DataAccess\Athena.DataAccess.csproj", "{F4EEEEC0-6A07-486F-86D1-0D59858326EC}"
EndProject
Project("{FAE04EC0-301F-11D3-BF4B-00C04F79EFBC}") = "Athena.Application.UnitTests", "test\Athena.Application.UnitTests\Athena.Application.UnitTests.csproj", "{F53237AC-597C-4076-9AFA-B39923205527}"
EndProject
Project("{2150E333-8FDC-42A3-9474-1A3956D46DE8}") = "docs", "docs", "{83E28BE2-E065-4EBF-8EBC-CB2AF8446371}"
	ProjectSection(SolutionItems) = preProject
		docs\Readme.md = docs\Readme.md
	EndProjectSection
EndProject
Global
	GlobalSection(SolutionConfigurationPlatforms) = preSolution
		Debug|Any CPU = Debug|Any CPU
		Release|Any CPU = Release|Any CPU
	EndGlobalSection
	GlobalSection(ProjectConfigurationPlatforms) = postSolution
		{5CF67793-7D0E-4A9A-ABF0-D12820AE4AA4}.Debug|Any CPU.ActiveCfg = Debug|Any CPU
		{5CF67793-7D0E-4A9A-ABF0-D12820AE4AA4}.Debug|Any CPU.Build.0 = Debug|Any CPU
		{5CF67793-7D0E-4A9A-ABF0-D12820AE4AA4}.Release|Any CPU.ActiveCfg = Release|Any CPU
		{5CF67793-7D0E-4A9A-ABF0-D12820AE4AA4}.Release|Any CPU.Build.0 = Release|Any CPU
		{BEDF187B-B9DF-453B-AA18-CF8185F8E115}.Debug|Any CPU.ActiveCfg = Debug|Any CPU
		{BEDF187B-B9DF-453B-AA18-CF8185F8E115}.Debug|Any CPU.Build.0 = Debug|Any CPU
		{BEDF187B-B9DF-453B-AA18-CF8185F8E115}.Release|Any CPU.ActiveCfg = Release|Any CPU
		{BEDF187B-B9DF-453B-AA18-CF8185F8E115}.Release|Any CPU.Build.0 = Release|Any CPU
		{7C31A045-1CC2-4321-B5BE-6E80A56A65F5}.Debug|Any CPU.ActiveCfg = Debug|Any CPU
		{7C31A045-1CC2-4321-B5BE-6E80A56A65F5}.Debug|Any CPU.Build.0 = Debug|Any CPU
		{7C31A045-1CC2-4321-B5BE-6E80A56A65F5}.Release|Any CPU.ActiveCfg = Release|Any CPU
		{7C31A045-1CC2-4321-B5BE-6E80A56A65F5}.Release|Any CPU.Build.0 = Release|Any CPU
		{53E6FFAD-66E8-4CC0-A8AF-F3B5681059BD}.Debug|Any CPU.ActiveCfg = Debug|Any CPU
		{53E6FFAD-66E8-4CC0-A8AF-F3B5681059BD}.Debug|Any CPU.Build.0 = Debug|Any CPU
		{53E6FFAD-66E8-4CC0-A8AF-F3B5681059BD}.Release|Any CPU.ActiveCfg = Release|Any CPU
		{53E6FFAD-66E8-4CC0-A8AF-F3B5681059BD}.Release|Any CPU.Build.0 = Release|Any CPU
		{F4EEEEC0-6A07-486F-86D1-0D59858326EC}.Debug|Any CPU.ActiveCfg = Debug|Any CPU
		{F4EEEEC0-6A07-486F-86D1-0D59858326EC}.Debug|Any CPU.Build.0 = Debug|Any CPU
		{F4EEEEC0-6A07-486F-86D1-0D59858326EC}.Release|Any CPU.ActiveCfg = Release|Any CPU
		{F4EEEEC0-6A07-486F-86D1-0D59858326EC}.Release|Any CPU.Build.0 = Release|Any CPU
		{F53237AC-597C-4076-9AFA-B39923205527}.Debug|Any CPU.ActiveCfg = Debug|Any CPU
		{F53237AC-597C-4076-9AFA-B39923205527}.Debug|Any CPU.Build.0 = Debug|Any CPU
		{F53237AC-597C-4076-9AFA-B39923205527}.Release|Any CPU.ActiveCfg = Release|Any CPU
		{F53237AC-597C-4076-9AFA-B39923205527}.Release|Any CPU.Build.0 = Release|Any CPU
	EndGlobalSection
	GlobalSection(NestedProjects) = preSolution
		{5CF67793-7D0E-4A9A-ABF0-D12820AE4AA4} = {4951CD0E-BFD0-4EFD-B7EF-3CC7D55A1897}
		{BEDF187B-B9DF-453B-AA18-CF8185F8E115} = {4951CD0E-BFD0-4EFD-B7EF-3CC7D55A1897}
		{7C31A045-1CC2-4321-B5BE-6E80A56A65F5} = {4951CD0E-BFD0-4EFD-B7EF-3CC7D55A1897}
		{53E6FFAD-66E8-4CC0-A8AF-F3B5681059BD} = {4951CD0E-BFD0-4EFD-B7EF-3CC7D55A1897}
		{F4EEEEC0-6A07-486F-86D1-0D59858326EC} = {4951CD0E-BFD0-4EFD-B7EF-3CC7D55A1897}
		{F53237AC-597C-4076-9AFA-B39923205527} = {294024F0-F8D9-46B5-8D01-170A6D4FF69C}
	EndGlobalSection
EndGlobal
